
Microsoft Visual Studio Solution File, Format Version 12.00
# Visual Studio Version 17
VisualStudioVersion = 17.13.35913.81
MinimumVisualStudioVersion = 10.0.40219.1
Project("{FAE04EC0-301F-11D3-BF4B-00C04F79EFBC}") = "gestionMissionBack.Application", "gestionMissionBack.Application\gestionMissionBack.Application.csproj", "{FB1F591F-989B-4DE3-BFBD-CD7CAE9BD121}"
EndProject
Project("{FAE04EC0-301F-11D3-BF4B-00C04F79EFBC}") = "gestionMissionBack.Domain", "gestionMissionBack.Domain\gestionMissionBack.Domain.csproj", "{E2973033-332B-43C5-BB58-1F277B65C8EA}"
EndProject
Project("{FAE04EC0-301F-11D3-BF4B-00C04F79EFBC}") = "gestionMissionBack.Infrastructure", "gestionMissionBack.Infrastructure\gestionMissionBack.Infrastructure.csproj", "{1955BABC-58CB-4ED2-B586-CFF812F32CDF}"
EndProject
Project("{FAE04EC0-301F-11D3-BF4B-00C04F79EFBC}") = "gestionMissionBack.Api", "gestionMissionBack.Api\gestionMissionBack.Api.csproj", "{C90D28E9-AAE7-4335-A7E0-01F350C8161F}"
EndProject
Project("{FAE04EC0-301F-11D3-BF4B-00C04F79EFBC}") = "gestionMissionBack.Tests", "gestionMissionBack.Tests\gestionMissionBack.Tests.csproj", "{816912C0-4076-4A26-B087-B1F8399329C3}"
EndProject
Global
	GlobalSection(SolutionConfigurationPlatforms) = preSolution
		Debug|Any CPU = Debug|Any CPU
		Release|Any CPU = Release|Any CPU
	EndGlobalSection
	GlobalSection(ProjectConfigurationPlatforms) = postSolution
		{FB1F591F-989B-4DE3-BFBD-CD7CAE9BD121}.Debug|Any CPU.ActiveCfg = Debug|Any CPU
		{FB1F591F-989B-4DE3-BFBD-CD7CAE9BD121}.Debug|Any CPU.Build.0 = Debug|Any CPU
		{FB1F591F-989B-4DE3-BFBD-CD7CAE9BD121}.Release|Any CPU.ActiveCfg = Release|Any CPU
		{FB1F591F-989B-4DE3-BFBD-CD7CAE9BD121}.Release|Any CPU.Build.0 = Release|Any CPU
		{E2973033-332B-43C5-BB58-1F277B65C8EA}.Debug|Any CPU.ActiveCfg = Debug|Any CPU
		{E2973033-332B-43C5-BB58-1F277B65C8EA}.Debug|Any CPU.Build.0 = Debug|Any CPU
		{E2973033-332B-43C5-BB58-1F277B65C8EA}.Release|Any CPU.ActiveCfg = Release|Any CPU
		{E2973033-332B-43C5-BB58-1F277B65C8EA}.Release|Any CPU.Build.0 = Release|Any CPU
		{1955BABC-58CB-4ED2-B586-CFF812F32CDF}.Debug|Any CPU.ActiveCfg = Debug|Any CPU
		{1955BABC-58CB-4ED2-B586-CFF812F32CDF}.Debug|Any CPU.Build.0 = Debug|Any CPU
		{1955BABC-58CB-4ED2-B586-CFF812F32CDF}.Release|Any CPU.ActiveCfg = Release|Any CPU
		{1955BABC-58CB-4ED2-B586-CFF812F32CDF}.Release|Any CPU.Build.0 = Release|Any CPU
		{C90D28E9-AAE7-4335-A7E0-01F350C8161F}.Debug|Any CPU.ActiveCfg = Debug|Any CPU
		{C90D28E9-AAE7-4335-A7E0-01F350C8161F}.Debug|Any CPU.Build.0 = Debug|Any CPU
		{C90D28E9-AAE7-4335-A7E0-01F350C8161F}.Release|Any CPU.ActiveCfg = Release|Any CPU
		{C90D28E9-AAE7-4335-A7E0-01F350C8161F}.Release|Any CPU.Build.0 = Release|Any CPU
		{816912C0-4076-4A26-B087-B1F8399329C3}.Debug|Any CPU.ActiveCfg = Debug|Any CPU
		{816912C0-4076-4A26-B087-B1F8399329C3}.Debug|Any CPU.Build.0 = Debug|Any CPU
		{816912C0-4076-4A26-B087-B1F8399329C3}.Release|Any CPU.ActiveCfg = Release|Any CPU
		{816912C0-4076-4A26-B087-B1F8399329C3}.Release|Any CPU.Build.0 = Release|Any CPU
	EndGlobalSection
	GlobalSection(SolutionProperties) = preSolution
		HideSolutionNode = FALSE
	EndGlobalSection
	GlobalSection(ExtensibilityGlobals) = postSolution
		SolutionGuid = {0C840AD9-A9FE-444F-A57C-FAE9FA350955}
	EndGlobalSection
EndGlobal
